// !$*UTF8*$!
{
	archiveVersion = 1;
	classes = {
	};
	objectVersion = 55;
	objects = {

/* Begin PBXBuildFile section */
		838C55A327FC69F400E3F455 /* TodosApp.swift in Sources */ = {isa = PBXBuildFile; fileRef = 838C559327FC69F300E3F455 /* TodosApp.swift */; };
		838C55A427FC69F400E3F455 /* TodosApp.swift in Sources */ = {isa = PBXBuildFile; fileRef = 838C559327FC69F300E3F455 /* TodosApp.swift */; };
		838C55A527FC69F400E3F455 /* ContentView.swift in Sources */ = {isa = PBXBuildFile; fileRef = 838C559427FC69F300E3F455 /* ContentView.swift */; };
		838C55A627FC69F400E3F455 /* ContentView.swift in Sources */ = {isa = PBXBuildFile; fileRef = 838C559427FC69F300E3F455 /* ContentView.swift */; };
		838C55A727FC69F400E3F455 /* Assets.xcassets in Resources */ = {isa = PBXBuildFile; fileRef = 838C559527FC69F400E3F455 /* Assets.xcassets */; };
		838C55A827FC69F400E3F455 /* Assets.xcassets in Resources */ = {isa = PBXBuildFile; fileRef = 838C559527FC69F400E3F455 /* Assets.xcassets */; };
		838C55B527FC6A1000E3F455 /* CRDTs in Frameworks */ = {isa = PBXBuildFile; productRef = 838C55B427FC6A1000E3F455 /* CRDTs */; };
		838C55B727FC6A1400E3F455 /* CRDTs in Frameworks */ = {isa = PBXBuildFile; productRef = 838C55B627FC6A1400E3F455 /* CRDTs */; };
		838C55BA27FC6A2C00E3F455 /* Session.swift in Sources */ = {isa = PBXBuildFile; fileRef = 838C55B827FC6A2C00E3F455 /* Session.swift */; };
		838C55BB27FC6A2C00E3F455 /* Session.swift in Sources */ = {isa = PBXBuildFile; fileRef = 838C55B827FC6A2C00E3F455 /* Session.swift */; };
		838C55BC27FC6A2C00E3F455 /* SessionView.swift in Sources */ = {isa = PBXBuildFile; fileRef = 838C55B927FC6A2C00E3F455 /* SessionView.swift */; };
		838C55BD27FC6A2C00E3F455 /* SessionView.swift in Sources */ = {isa = PBXBuildFile; fileRef = 838C55B927FC6A2C00E3F455 /* SessionView.swift */; };
		838C55BF27FC6B9500E3F455 /* CheckmarkStyle.swift in Sources */ = {isa = PBXBuildFile; fileRef = 838C55BE27FC6B9500E3F455 /* CheckmarkStyle.swift */; };
		838C55C027FC6B9500E3F455 /* CheckmarkStyle.swift in Sources */ = {isa = PBXBuildFile; fileRef = 838C55BE27FC6B9500E3F455 /* CheckmarkStyle.swift */; };
/* End PBXBuildFile section */

/* Begin PBXFileReference section */
		838C559327FC69F300E3F455 /* TodosApp.swift */ = {isa = PBXFileReference; lastKnownFileType = sourcecode.swift; path = TodosApp.swift; sourceTree = "<group>"; };
		838C559427FC69F300E3F455 /* ContentView.swift */ = {isa = PBXFileReference; lastKnownFileType = sourcecode.swift; path = ContentView.swift; sourceTree = "<group>"; };
		838C559527FC69F400E3F455 /* Assets.xcassets */ = {isa = PBXFileReference; lastKnownFileType = folder.assetcatalog; path = Assets.xcassets; sourceTree = "<group>"; };
		838C559A27FC69F400E3F455 /* Todos.app */ = {isa = PBXFileReference; explicitFileType = wrapper.application; includeInIndex = 0; path = Todos.app; sourceTree = BUILT_PRODUCTS_DIR; };
		838C55A027FC69F400E3F455 /* Todos.app */ = {isa = PBXFileReference; explicitFileType = wrapper.application; includeInIndex = 0; path = Todos.app; sourceTree = BUILT_PRODUCTS_DIR; };
		838C55A227FC69F400E3F455 /* macOS.entitlements */ = {isa = PBXFileReference; lastKnownFileType = text.plist.entitlements; path = macOS.entitlements; sourceTree = "<group>"; };
		838C55B227FC6A0400E3F455 /* CRDTs */ = {isa = PBXFileReference; lastKnownFileType = wrapper; name = CRDTs; path = ../CRDTs; sourceTree = "<group>"; };
		838C55B827FC6A2C00E3F455 /* Session.swift */ = {isa = PBXFileReference; fileEncoding = 4; lastKnownFileType = sourcecode.swift; path = Session.swift; sourceTree = "<group>"; };
		838C55B927FC6A2C00E3F455 /* SessionView.swift */ = {isa = PBXFileReference; fileEncoding = 4; lastKnownFileType = sourcecode.swift; path = SessionView.swift; sourceTree = "<group>"; };
		838C55BE27FC6B9500E3F455 /* CheckmarkStyle.swift */ = {isa = PBXFileReference; lastKnownFileType = sourcecode.swift; path = CheckmarkStyle.swift; sourceTree = "<group>"; };
/* End PBXFileReference section */

/* Begin PBXFrameworksBuildPhase section */
		838C559727FC69F400E3F455 /* Frameworks */ = {
			isa = PBXFrameworksBuildPhase;
			buildActionMask = 2147483647;
			files = (
				838C55B527FC6A1000E3F455 /* CRDTs in Frameworks */,
			);
			runOnlyForDeploymentPostprocessing = 0;
		};
		838C559D27FC69F400E3F455 /* Frameworks */ = {
			isa = PBXFrameworksBuildPhase;
			buildActionMask = 2147483647;
			files = (
				838C55B727FC6A1400E3F455 /* CRDTs in Frameworks */,
			);
			runOnlyForDeploymentPostprocessing = 0;
		};
/* End PBXFrameworksBuildPhase section */

/* Begin PBXGroup section */
		838C558D27FC69F300E3F455 = {
			isa = PBXGroup;
			children = (
				838C55B127FC6A0400E3F455 /* Packages */,
				838C559227FC69F300E3F455 /* Shared */,
				838C55A127FC69F400E3F455 /* macOS */,
				838C559B27FC69F400E3F455 /* Products */,
				838C55B327FC6A1000E3F455 /* Frameworks */,
			);
			sourceTree = "<group>";
		};
		838C559227FC69F300E3F455 /* Shared */ = {
			isa = PBXGroup;
			children = (
				838C559327FC69F300E3F455 /* TodosApp.swift */,
				838C559427FC69F300E3F455 /* ContentView.swift */,
				838C55BE27FC6B9500E3F455 /* CheckmarkStyle.swift */,
				838C55B827FC6A2C00E3F455 /* Session.swift */,
				838C55B927FC6A2C00E3F455 /* SessionView.swift */,
				838C559527FC69F400E3F455 /* Assets.xcassets */,
			);
			path = Shared;
			sourceTree = "<group>";
		};
		838C559B27FC69F400E3F455 /* Products */ = {
			isa = PBXGroup;
			children = (
				838C559A27FC69F400E3F455 /* Todos.app */,
				838C55A027FC69F400E3F455 /* Todos.app */,
			);
			name = Products;
			sourceTree = "<group>";
		};
		838C55A127FC69F400E3F455 /* macOS */ = {
			isa = PBXGroup;
			children = (
				838C55A227FC69F400E3F455 /* macOS.entitlements */,
			);
			path = macOS;
			sourceTree = "<group>";
		};
		838C55B127FC6A0400E3F455 /* Packages */ = {
			isa = PBXGroup;
			children = (
				838C55B227FC6A0400E3F455 /* CRDTs */,
			);
			name = Packages;
			sourceTree = "<group>";
		};
		838C55B327FC6A1000E3F455 /* Frameworks */ = {
			isa = PBXGroup;
			children = (
			);
			name = Frameworks;
			sourceTree = "<group>";
		};
/* End PBXGroup section */

/* Begin PBXNativeTarget section */
		838C559927FC69F400E3F455 /* Todos (iOS) */ = {
			isa = PBXNativeTarget;
			buildConfigurationList = 838C55AB27FC69F400E3F455 /* Build configuration list for PBXNativeTarget "Todos (iOS)" */;
			buildPhases = (
				838C559627FC69F400E3F455 /* Sources */,
				838C559727FC69F400E3F455 /* Frameworks */,
				838C559827FC69F400E3F455 /* Resources */,
			);
			buildRules = (
			);
			dependencies = (
			);
			name = "Todos (iOS)";
			packageProductDependencies = (
				838C55B427FC6A1000E3F455 /* CRDTs */,
			);
			productName = "Todos (iOS)";
			productReference = 838C559A27FC69F400E3F455 /* Todos.app */;
			productType = "com.apple.product-type.application";
		};
		838C559F27FC69F400E3F455 /* Todos (macOS) */ = {
			isa = PBXNativeTarget;
			buildConfigurationList = 838C55AE27FC69F400E3F455 /* Build configuration list for PBXNativeTarget "Todos (macOS)" */;
			buildPhases = (
				838C559C27FC69F400E3F455 /* Sources */,
				838C559D27FC69F400E3F455 /* Frameworks */,
				838C559E27FC69F400E3F455 /* Resources */,
			);
			buildRules = (
			);
			dependencies = (
			);
			name = "Todos (macOS)";
			packageProductDependencies = (
				838C55B627FC6A1400E3F455 /* CRDTs */,
			);
			productName = "Todos (macOS)";
			productReference = 838C55A027FC69F400E3F455 /* Todos.app */;
			productType = "com.apple.product-type.application";
		};
/* End PBXNativeTarget section */

/* Begin PBXProject section */
		838C558E27FC69F300E3F455 /* Project object */ = {
			isa = PBXProject;
			attributes = {
				BuildIndependentTargetsInParallel = 1;
				LastSwiftUpdateCheck = 1330;
				LastUpgradeCheck = 1330;
				TargetAttributes = {
					838C559927FC69F400E3F455 = {
						CreatedOnToolsVersion = 13.3;
					};
					838C559F27FC69F400E3F455 = {
						CreatedOnToolsVersion = 13.3;
					};
				};
			};
			buildConfigurationList = 838C559127FC69F300E3F455 /* Build configuration list for PBXProject "Todos" */;
			compatibilityVersion = "Xcode 13.0";
			developmentRegion = en;
			hasScannedForEncodings = 0;
			knownRegions = (
				en,
				Base,
			);
			mainGroup = 838C558D27FC69F300E3F455;
			productRefGroup = 838C559B27FC69F400E3F455 /* Products */;
			projectDirPath = "";
			projectRoot = "";
			targets = (
				838C559927FC69F400E3F455 /* Todos (iOS) */,
				838C559F27FC69F400E3F455 /* Todos (macOS) */,
			);
		};
/* End PBXProject section */

/* Begin PBXResourcesBuildPhase section */
		838C559827FC69F400E3F455 /* Resources */ = {
			isa = PBXResourcesBuildPhase;
			buildActionMask = 2147483647;
			files = (
				838C55A727FC69F400E3F455 /* Assets.xcassets in Resources */,
			);
			runOnlyForDeploymentPostprocessing = 0;
		};
		838C559E27FC69F400E3F455 /* Resources */ = {
			isa = PBXResourcesBuildPhase;
			buildActionMask = 2147483647;
			files = (
				838C55A827FC69F400E3F455 /* Assets.xcassets in Resources */,
			);
			runOnlyForDeploymentPostprocessing = 0;
		};
/* End PBXResourcesBuildPhase section */

/* Begin PBXSourcesBuildPhase section */
		838C559627FC69F400E3F455 /* Sources */ = {
			isa = PBXSourcesBuildPhase;
			buildActionMask = 2147483647;
			files = (
				838C55A527FC69F400E3F455 /* ContentView.swift in Sources */,
				838C55A327FC69F400E3F455 /* TodosApp.swift in Sources */,
				838C55BA27FC6A2C00E3F455 /* Session.swift in Sources */,
				838C55BC27FC6A2C00E3F455 /* SessionView.swift in Sources */,
				838C55BF27FC6B9500E3F455 /* CheckmarkStyle.swift in Sources */,
			);
			runOnlyForDeploymentPostprocessing = 0;
		};
		838C559C27FC69F400E3F455 /* Sources */ = {
			isa = PBXSourcesBuildPhase;
			buildActionMask = 2147483647;
			files = (
				838C55A627FC69F400E3F455 /* ContentView.swift in Sources */,
				838C55A427FC69F400E3F455 /* TodosApp.swift in Sources */,
				838C55BB27FC6A2C00E3F455 /* Session.swift in Sources */,
				838C55BD27FC6A2C00E3F455 /* SessionView.swift in Sources */,
				838C55C027FC6B9500E3F455 /* CheckmarkStyle.swift in Sources */,
			);
			runOnlyForDeploymentPostprocessing = 0;
		};
/* End PBXSourcesBuildPhase section */

/* Begin XCBuildConfiguration section */
		838C55A927FC69F400E3F455 /* Debug */ = {
			isa = XCBuildConfiguration;
			buildSettings = {
				ALWAYS_SEARCH_USER_PATHS = NO;
				CLANG_ANALYZER_NONNULL = YES;
				CLANG_ANALYZER_NUMBER_OBJECT_CONVERSION = YES_AGGRESSIVE;
				CLANG_CXX_LANGUAGE_STANDARD = "gnu++17";
				CLANG_ENABLE_MODULES = YES;
				CLANG_ENABLE_OBJC_ARC = YES;
				CLANG_ENABLE_OBJC_WEAK = YES;
				CLANG_WARN_BLOCK_CAPTURE_AUTORELEASING = YES;
				CLANG_WARN_BOOL_CONVERSION = YES;
				CLANG_WARN_COMMA = YES;
				CLANG_WARN_CONSTANT_CONVERSION = YES;
				CLANG_WARN_DEPRECATED_OBJC_IMPLEMENTATIONS = YES;
				CLANG_WARN_DIRECT_OBJC_ISA_USAGE = YES_ERROR;
				CLANG_WARN_DOCUMENTATION_COMMENTS = YES;
				CLANG_WARN_EMPTY_BODY = YES;
				CLANG_WARN_ENUM_CONVERSION = YES;
				CLANG_WARN_INFINITE_RECURSION = YES;
				CLANG_WARN_INT_CONVERSION = YES;
				CLANG_WARN_NON_LITERAL_NULL_CONVERSION = YES;
				CLANG_WARN_OBJC_IMPLICIT_RETAIN_SELF = YES;
				CLANG_WARN_OBJC_LITERAL_CONVERSION = YES;
				CLANG_WARN_OBJC_ROOT_CLASS = YES_ERROR;
				CLANG_WARN_QUOTED_INCLUDE_IN_FRAMEWORK_HEADER = YES;
				CLANG_WARN_RANGE_LOOP_ANALYSIS = YES;
				CLANG_WARN_STRICT_PROTOTYPES = YES;
				CLANG_WARN_SUSPICIOUS_MOVE = YES;
				CLANG_WARN_UNGUARDED_AVAILABILITY = YES_AGGRESSIVE;
				CLANG_WARN_UNREACHABLE_CODE = YES;
				CLANG_WARN__DUPLICATE_METHOD_MATCH = YES;
				COPY_PHASE_STRIP = NO;
				DEBUG_INFORMATION_FORMAT = dwarf;
				ENABLE_STRICT_OBJC_MSGSEND = YES;
				ENABLE_TESTABILITY = YES;
				GCC_C_LANGUAGE_STANDARD = gnu11;
				GCC_DYNAMIC_NO_PIC = NO;
				GCC_NO_COMMON_BLOCKS = YES;
				GCC_OPTIMIZATION_LEVEL = 0;
				GCC_PREPROCESSOR_DEFINITIONS = (
					"DEBUG=1",
					"$(inherited)",
				);
				GCC_WARN_64_TO_32_BIT_CONVERSION = YES;
				GCC_WARN_ABOUT_RETURN_TYPE = YES_ERROR;
				GCC_WARN_UNDECLARED_SELECTOR = YES;
				GCC_WARN_UNINITIALIZED_AUTOS = YES_AGGRESSIVE;
				GCC_WARN_UNUSED_FUNCTION = YES;
				GCC_WARN_UNUSED_VARIABLE = YES;
				MTL_ENABLE_DEBUG_INFO = INCLUDE_SOURCE;
				MTL_FAST_MATH = YES;
				ONLY_ACTIVE_ARCH = YES;
				SWIFT_ACTIVE_COMPILATION_CONDITIONS = DEBUG;
				SWIFT_OPTIMIZATION_LEVEL = "-Onone";
			};
			name = Debug;
		};
		838C55AA27FC69F400E3F455 /* Release */ = {
			isa = XCBuildConfiguration;
			buildSettings = {
				ALWAYS_SEARCH_USER_PATHS = NO;
				CLANG_ANALYZER_NONNULL = YES;
				CLANG_ANALYZER_NUMBER_OBJECT_CONVERSION = YES_AGGRESSIVE;
				CLANG_CXX_LANGUAGE_STANDARD = "gnu++17";
				CLANG_ENABLE_MODULES = YES;
				CLANG_ENABLE_OBJC_ARC = YES;
				CLANG_ENABLE_OBJC_WEAK = YES;
				CLANG_WARN_BLOCK_CAPTURE_AUTORELEASING = YES;
				CLANG_WARN_BOOL_CONVERSION = YES;
				CLANG_WARN_COMMA = YES;
				CLANG_WARN_CONSTANT_CONVERSION = YES;
				CLANG_WARN_DEPRECATED_OBJC_IMPLEMENTATIONS = YES;
				CLANG_WARN_DIRECT_OBJC_ISA_USAGE = YES_ERROR;
				CLANG_WARN_DOCUMENTATION_COMMENTS = YES;
				CLANG_WARN_EMPTY_BODY = YES;
				CLANG_WARN_ENUM_CONVERSION = YES;
				CLANG_WARN_INFINITE_RECURSION = YES;
				CLANG_WARN_INT_CONVERSION = YES;
				CLANG_WARN_NON_LITERAL_NULL_CONVERSION = YES;
				CLANG_WARN_OBJC_IMPLICIT_RETAIN_SELF = YES;
				CLANG_WARN_OBJC_LITERAL_CONVERSION = YES;
				CLANG_WARN_OBJC_ROOT_CLASS = YES_ERROR;
				CLANG_WARN_QUOTED_INCLUDE_IN_FRAMEWORK_HEADER = YES;
				CLANG_WARN_RANGE_LOOP_ANALYSIS = YES;
				CLANG_WARN_STRICT_PROTOTYPES = YES;
				CLANG_WARN_SUSPICIOUS_MOVE = YES;
				CLANG_WARN_UNGUARDED_AVAILABILITY = YES_AGGRESSIVE;
				CLANG_WARN_UNREACHABLE_CODE = YES;
				CLANG_WARN__DUPLICATE_METHOD_MATCH = YES;
				COPY_PHASE_STRIP = NO;
				DEBUG_INFORMATION_FORMAT = "dwarf-with-dsym";
				ENABLE_NS_ASSERTIONS = NO;
				ENABLE_STRICT_OBJC_MSGSEND = YES;
				GCC_C_LANGUAGE_STANDARD = gnu11;
				GCC_NO_COMMON_BLOCKS = YES;
				GCC_WARN_64_TO_32_BIT_CONVERSION = YES;
				GCC_WARN_ABOUT_RETURN_TYPE = YES_ERROR;
				GCC_WARN_UNDECLARED_SELECTOR = YES;
				GCC_WARN_UNINITIALIZED_AUTOS = YES_AGGRESSIVE;
				GCC_WARN_UNUSED_FUNCTION = YES;
				GCC_WARN_UNUSED_VARIABLE = YES;
				MTL_ENABLE_DEBUG_INFO = NO;
				MTL_FAST_MATH = YES;
				SWIFT_COMPILATION_MODE = wholemodule;
				SWIFT_OPTIMIZATION_LEVEL = "-O";
			};
			name = Release;
		};
		838C55AC27FC69F400E3F455 /* Debug */ = {
			isa = XCBuildConfiguration;
			buildSettings = {
				ASSETCATALOG_COMPILER_APPICON_NAME = AppIcon;
				ASSETCATALOG_COMPILER_GLOBAL_ACCENT_COLOR_NAME = AccentColor;
				CODE_SIGN_STYLE = Automatic;
				CURRENT_PROJECT_VERSION = 1;
				DEVELOPMENT_TEAM = 58PSC9526Y;
				ENABLE_PREVIEWS = YES;
				GENERATE_INFOPLIST_FILE = YES;
				INFOPLIST_KEY_UIApplicationSceneManifest_Generation = YES;
				INFOPLIST_KEY_UIApplicationSupportsIndirectInputEvents = YES;
				INFOPLIST_KEY_UILaunchScreen_Generation = YES;
				INFOPLIST_KEY_UISupportedInterfaceOrientations_iPad = "UIInterfaceOrientationPortrait UIInterfaceOrientationPortraitUpsideDown UIInterfaceOrientationLandscapeLeft UIInterfaceOrientationLandscapeRight";
				INFOPLIST_KEY_UISupportedInterfaceOrientations_iPhone = "UIInterfaceOrientationPortrait UIInterfaceOrientationLandscapeLeft UIInterfaceOrientationLandscapeRight";
				IPHONEOS_DEPLOYMENT_TARGET = 15.4;
				LD_RUNPATH_SEARCH_PATHS = (
					"$(inherited)",
					"@executable_path/Frameworks",
				);
				MARKETING_VERSION = 1.0;
				PRODUCT_BUNDLE_IDENTIFIER = io.objc.Todos;
				PRODUCT_NAME = Todos;
				SDKROOT = iphoneos;
				SWIFT_EMIT_LOC_STRINGS = YES;
				SWIFT_VERSION = 5.0;
				TARGETED_DEVICE_FAMILY = "1,2";
			};
			name = Debug;
		};
		838C55AD27FC69F400E3F455 /* Release */ = {
			isa = XCBuildConfiguration;
			buildSettings = {
				ASSETCATALOG_COMPILER_APPICON_NAME = AppIcon;
				ASSETCATALOG_COMPILER_GLOBAL_ACCENT_COLOR_NAME = AccentColor;
				CODE_SIGN_STYLE = Automatic;
				CURRENT_PROJECT_VERSION = 1;
				DEVELOPMENT_TEAM = 58PSC9526Y;
				ENABLE_PREVIEWS = YES;
				GENERATE_INFOPLIST_FILE = YES;
				INFOPLIST_KEY_UIApplicationSceneManifest_Generation = YES;
				INFOPLIST_KEY_UIApplicationSupportsIndirectInputEvents = YES;
				INFOPLIST_KEY_UILaunchScreen_Generation = YES;
				INFOPLIST_KEY_UISupportedInterfaceOrientations_iPad = "UIInterfaceOrientationPortrait UIInterfaceOrientationPortraitUpsideDown UIInterfaceOrientationLandscapeLeft UIInterfaceOrientationLandscapeRight";
				INFOPLIST_KEY_UISupportedInterfaceOrientations_iPhone = "UIInterfaceOrientationPortrait UIInterfaceOrientationLandscapeLeft UIInterfaceOrientationLandscapeRight";
				IPHONEOS_DEPLOYMENT_TARGET = 15.4;
				LD_RUNPATH_SEARCH_PATHS = (
					"$(inherited)",
					"@executable_path/Frameworks",
				);
				MARKETING_VERSION = 1.0;
				PRODUCT_BUNDLE_IDENTIFIER = io.objc.Todos;
				PRODUCT_NAME = Todos;
				SDKROOT = iphoneos;
				SWIFT_EMIT_LOC_STRINGS = YES;
				SWIFT_VERSION = 5.0;
				TARGETED_DEVICE_FAMILY = "1,2";
				VALIDATE_PRODUCT = YES;
			};
			name = Release;
		};
		838C55AF27FC69F400E3F455 /* Debug */ = {
			isa = XCBuildConfiguration;
			buildSettings = {
				ASSETCATALOG_COMPILER_APPICON_NAME = AppIcon;
				ASSETCATALOG_COMPILER_GLOBAL_ACCENT_COLOR_NAME = AccentColor;
				CODE_SIGN_ENTITLEMENTS = macOS/macOS.entitlements;
				CODE_SIGN_STYLE = Automatic;
				COMBINE_HIDPI_IMAGES = YES;
				CURRENT_PROJECT_VERSION = 1;
				DEVELOPMENT_TEAM = 58PSC9526Y;
				ENABLE_HARDENED_RUNTIME = YES;
				ENABLE_PREVIEWS = YES;
				GENERATE_INFOPLIST_FILE = YES;
				INFOPLIST_KEY_NSHumanReadableCopyright = "";
				LD_RUNPATH_SEARCH_PATHS = (
					"$(inherited)",
					"@executable_path/../Frameworks",
				);
				MACOSX_DEPLOYMENT_TARGET = 12.1;
				MARKETING_VERSION = 1.0;
				PRODUCT_BUNDLE_IDENTIFIER = io.objc.Todos;
				PRODUCT_NAME = Todos;
				SDKROOT = macosx;
				SWIFT_EMIT_LOC_STRINGS = YES;
				SWIFT_VERSION = 5.0;
			};
			name = Debug;
		};
		838C55B027FC69F400E3F455 /* Release */ = {
			isa = XCBuildConfiguration;
			buildSettings = {
				ASSETCATALOG_COMPILER_APPICON_NAME = AppIcon;
				ASSETCATALOG_COMPILER_GLOBAL_ACCENT_COLOR_NAME = AccentColor;
				CODE_SIGN_ENTITLEMENTS = macOS/macOS.entitlements;
				CODE_SIGN_STYLE = Automatic;
				COMBINE_HIDPI_IMAGES = YES;
				CURRENT_PROJECT_VERSION = 1;
				DEVELOPMENT_TEAM = 58PSC9526Y;
				ENABLE_HARDENED_RUNTIME = YES;
				ENABLE_PREVIEWS = YES;
				GENERATE_INFOPLIST_FILE = YES;
				INFOPLIST_KEY_NSHumanReadableCopyright = "";
				LD_RUNPATH_SEARCH_PATHS = (
					"$(inherited)",
					"@executable_path/../Frameworks",
				);
				MACOSX_DEPLOYMENT_TARGET = 12.1;
				MARKETING_VERSION = 1.0;
				PRODUCT_BUNDLE_IDENTIFIER = io.objc.Todos;
				PRODUCT_NAME = Todos;
				SDKROOT = macosx;
				SWIFT_EMIT_LOC_STRINGS = YES;
				SWIFT_VERSION = 5.0;
			};
			name = Release;
		};
/* End XCBuildConfiguration section */

/* Begin XCConfigurationList section */
		838C559127FC69F300E3F455 /* Build configuration list for PBXProject "Todos" */ = {
			isa = XCConfigurationList;
			buildConfigurations = (
				838C55A927FC69F400E3F455 /* Debug */,
				838C55AA27FC69F400E3F455 /* Release */,
			);
			defaultConfigurationIsVisible = 0;
			defaultConfigurationName = Release;
		};
		838C55AB27FC69F400E3F455 /* Build configuration list for PBXNativeTarget "Todos (iOS)" */ = {
			isa = XCConfigurationList;
			buildConfigurations = (
				838C55AC27FC69F400E3F455 /* Debug */,
				838C55AD27FC69F400E3F455 /* Release */,
			);
			defaultConfigurationIsVisible = 0;
			defaultConfigurationName = Release;
		};
		838C55AE27FC69F400E3F455 /* Build configuration list for PBXNativeTarget "Todos (macOS)" */ = {
			isa = XCConfigurationList;
			buildConfigurations = (
				838C55AF27FC69F400E3F455 /* Debug */,
				838C55B027FC69F400E3F455 /* Release */,
			);
			defaultConfigurationIsVisible = 0;
			defaultConfigurationName = Release;
		};
/* End XCConfigurationList section */

/* Begin XCSwiftPackageProductDependency section */
		838C55B427FC6A1000E3F455 /* CRDTs */ = {
			isa = XCSwiftPackageProductDependency;
			productName = CRDTs;
		};
		838C55B627FC6A1400E3F455 /* CRDTs */ = {
			isa = XCSwiftPackageProductDependency;
			productName = CRDTs;
		};
/* End XCSwiftPackageProductDependency section */
	};
	rootObject = 838C558E27FC69F300E3F455 /* Project object */;
}
